{
  "originHash" : "1f8a50bb7ada8d01703987854dd44acf406aa27c9323f1096103f8eeeb2b51a9",
  "pins" : [
    {
      "identity" : "mobile-sdk-ios-ui",
      "kind" : "remoteSourceControl",
      "location" : "https://github.com/ITECOMMPAY/mobile-sdk-ios-ui.git",
      "state" : {
        "revision" : "0473d5d021ed2c126867ca47f9f65a9d9f956558",
        "version" : "4.0.7"
      }
    }
  ],
  "version" : 3
}
